
Microsoft Visual Studio Solution File, Format Version 12.00
# Visual Studio 15
VisualStudioVersion = 15.0.26730.16
MinimumVisualStudioVersion = 10.0.40219.1
Project("{FAE04EC0-301F-11D3-BF4B-00C04F79EFBC}") = "PopUpNotification", "PopUpNotification\PopUpNotification.csproj", "{1A6FFA05-8B95-4AF1-B28A-DD7D85FCAE66}"
EndProject
Global
	GlobalSection(SolutionConfigurationPlatforms) = preSolution
		Debug|Any CPU = Debug|Any CPU
		Release|Any CPU = Release|Any CPU
	EndGlobalSection
	GlobalSection(ProjectConfigurationPlatforms) = postSolution
		{1A6FFA05-8B95-4AF1-B28A-DD7D85FCAE66}.Debug|Any CPU.ActiveCfg = Debug|Any CPU
		{1A6FFA05-8B95-4AF1-B28A-DD7D85FCAE66}.Debug|Any CPU.Build.0 = Debug|Any CPU
		{1A6FFA05-8B95-4AF1-B28A-DD7D85FCAE66}.Release|Any CPU.ActiveCfg = Release|Any CPU
		{1A6FFA05-8B95-4AF1-B28A-DD7D85FCAE66}.Release|Any CPU.Build.0 = Release|Any CPU
	EndGlobalSection
	GlobalSection(SolutionProperties) = preSolution
		HideSolutionNode = FALSE
	EndGlobalSection
	GlobalSection(ExtensibilityGlobals) = postSolution
		SolutionGuid = {ACBC1444-70D8-47AB-9A23-BF8E1F68713B}
	EndGlobalSection
EndGlobal
